
Microsoft Visual Studio Solution File, Format Version 12.00
# Visual Studio 2013
VisualStudioVersion = 12.0.21005.1
MinimumVisualStudioVersion = 10.0.40219.1
Project("{F184B08F-C81C-45F6-A57F-5ABD9991F28F}") = "Application", "Application\Application.vbproj", "{6CAE7F94-98DF-48E7-9305-5B6C5F07C046}"
EndProject
Project("{F184B08F-C81C-45F6-A57F-5ABD9991F28F}") = "Controls", "Controls\Controls.vbproj", "{359C8DAA-E1A8-494D-B223-F391175509A6}"
EndProject
Global
	GlobalSection(SolutionConfigurationPlatforms) = preSolution
		Debug|Any CPU = Debug|Any CPU
		Release|Any CPU = Release|Any CPU
	EndGlobalSection
	GlobalSection(ProjectConfigurationPlatforms) = postSolution
		{6CAE7F94-98DF-48E7-9305-5B6C5F07C046}.Debug|Any CPU.ActiveCfg = Debug|Any CPU
		{6CAE7F94-98DF-48E7-9305-5B6C5F07C046}.Debug|Any CPU.Build.0 = Debug|Any CPU
		{6CAE7F94-98DF-48E7-9305-5B6C5F07C046}.Release|Any CPU.ActiveCfg = Release|Any CPU
		{6CAE7F94-98DF-48E7-9305-5B6C5F07C046}.Release|Any CPU.Build.0 = Release|Any CPU
		{359C8DAA-E1A8-494D-B223-F391175509A6}.Debug|Any CPU.ActiveCfg = Debug|Any CPU
		{359C8DAA-E1A8-494D-B223-F391175509A6}.Debug|Any CPU.Build.0 = Debug|Any CPU
		{359C8DAA-E1A8-494D-B223-F391175509A6}.Release|Any CPU.ActiveCfg = Release|Any CPU
		{359C8DAA-E1A8-494D-B223-F391175509A6}.Release|Any CPU.Build.0 = Release|Any CPU
	EndGlobalSection
	GlobalSection(SolutionProperties) = preSolution
		HideSolutionNode = FALSE
	EndGlobalSection
EndGlobal
