
Microsoft Visual Studio Solution File, Format Version 12.00
# Visual Studio 2013
VisualStudioVersion = 12.0.21005.1
MinimumVisualStudioVersion = 10.0.40219.1
Project("{F184B08F-C81C-45F6-A57F-5ABD9991F28F}") = "Spider", "Spider\Spider.vbproj", "{F99D7849-09BC-4F56-98CC-E40C4BF20CED}"
EndProject
Project("{00D1A9C2-B5F0-4AF3-8072-F6C62B433612}") = "Database", "Database\Database.sqlproj", "{2C55D81F-48F3-41B6-9A74-4881020BAD12}"
EndProject
Project("{F184B08F-C81C-45F6-A57F-5ABD9991F28F}") = "Entities", "Entities\Entities.vbproj", "{4AAA2B19-E52B-4379-92C6-E02634258979}"
EndProject
Global
	GlobalSection(SolutionConfigurationPlatforms) = preSolution
		Debug|Any CPU = Debug|Any CPU
		Release|Any CPU = Release|Any CPU
	EndGlobalSection
	GlobalSection(ProjectConfigurationPlatforms) = postSolution
		{F99D7849-09BC-4F56-98CC-E40C4BF20CED}.Debug|Any CPU.ActiveCfg = Debug|Any CPU
		{F99D7849-09BC-4F56-98CC-E40C4BF20CED}.Debug|Any CPU.Build.0 = Debug|Any CPU
		{F99D7849-09BC-4F56-98CC-E40C4BF20CED}.Release|Any CPU.ActiveCfg = Release|Any CPU
		{F99D7849-09BC-4F56-98CC-E40C4BF20CED}.Release|Any CPU.Build.0 = Release|Any CPU
		{2C55D81F-48F3-41B6-9A74-4881020BAD12}.Debug|Any CPU.ActiveCfg = Debug|Any CPU
		{2C55D81F-48F3-41B6-9A74-4881020BAD12}.Debug|Any CPU.Build.0 = Debug|Any CPU
		{2C55D81F-48F3-41B6-9A74-4881020BAD12}.Debug|Any CPU.Deploy.0 = Debug|Any CPU
		{2C55D81F-48F3-41B6-9A74-4881020BAD12}.Release|Any CPU.ActiveCfg = Release|Any CPU
		{2C55D81F-48F3-41B6-9A74-4881020BAD12}.Release|Any CPU.Build.0 = Release|Any CPU
		{2C55D81F-48F3-41B6-9A74-4881020BAD12}.Release|Any CPU.Deploy.0 = Release|Any CPU
		{4AAA2B19-E52B-4379-92C6-E02634258979}.Debug|Any CPU.ActiveCfg = Debug|Any CPU
		{4AAA2B19-E52B-4379-92C6-E02634258979}.Debug|Any CPU.Build.0 = Debug|Any CPU
		{4AAA2B19-E52B-4379-92C6-E02634258979}.Release|Any CPU.ActiveCfg = Release|Any CPU
		{4AAA2B19-E52B-4379-92C6-E02634258979}.Release|Any CPU.Build.0 = Release|Any CPU
	EndGlobalSection
	GlobalSection(SolutionProperties) = preSolution
		HideSolutionNode = FALSE
	EndGlobalSection
EndGlobal
